
Microsoft Visual Studio Solution File, Format Version 12.00
# Visual Studio Version 17
VisualStudioVersion = 17.4.33103.184
MinimumVisualStudioVersion = 10.0.40219.1
Project("{9A19103F-16F7-4668-BE54-9A1E7A4F7556}") = "poc-azure-func", "poc-azure-func.csproj", "{782390C2-23AA-40A5-986C-88F3DB09A754}"
EndProject
Global
	GlobalSection(SolutionConfigurationPlatforms) = preSolution
		Debug|Any CPU = Debug|Any CPU
		Release|Any CPU = Release|Any CPU
	EndGlobalSection
	GlobalSection(ProjectConfigurationPlatforms) = postSolution
		{782390C2-23AA-40A5-986C-88F3DB09A754}.Debug|Any CPU.ActiveCfg = Debug|Any CPU
		{782390C2-23AA-40A5-986C-88F3DB09A754}.Debug|Any CPU.Build.0 = Debug|Any CPU
		{782390C2-23AA-40A5-986C-88F3DB09A754}.Release|Any CPU.ActiveCfg = Release|Any CPU
		{782390C2-23AA-40A5-986C-88F3DB09A754}.Release|Any CPU.Build.0 = Release|Any CPU
	EndGlobalSection
	GlobalSection(SolutionProperties) = preSolution
		HideSolutionNode = FALSE
	EndGlobalSection
	GlobalSection(ExtensibilityGlobals) = postSolution
		SolutionGuid = {3387DAB0-E2A2-4FC6-A1A3-C07FBAB93A20}
	EndGlobalSection
EndGlobal
